{
  "name": "skyfeyd",
  "version": "1.0.0",
  "lockfileVersion": 2,
  "requires": true,
  "packages": {
    "": {
      "name": "skyfeyd",
      "version": "1.0.0",
      "license": "ISC",
      "scripts": {
        "test": "test",
        "scss": "sass --watch style.scss:style.css",
        "start": "mkdir img && mkdir js && mkdir abstract && mkdir components && mkdir layout && cd js && touch app.js && cd.. && cd abstract && touch _mixins.scss && touch _variables.scss && cd.. && cd components && touch _buttons.scss &&  cd.. && cd layout && touch body.scss && cd.. && touch index.html && touch style.scss && touch style.css"
      }
    }
  }
}
